
Microsoft Visual Studio Solution File, Format Version 12.00
# Visual Studio Version 16
VisualStudioVersion = 25.0.1703.3
MinimumVisualStudioVersion = 10.0.40219.1
Project("{FAE04EC0-301F-11D3-BF4B-00C04F79EFBC}") = "DuckDBSQLTeaching", "DuckDBSQLTeaching.csproj", "{5E82AA47-8656-4820-8F99-E7297B0B765A}"
EndProject
Global
	GlobalSection(SolutionConfigurationPlatforms) = preSolution
		Debug|Any CPU = Debug|Any CPU
		Release|Any CPU = Release|Any CPU
	EndGlobalSection
	GlobalSection(ProjectConfigurationPlatforms) = postSolution
		{5E82AA47-8656-4820-8F99-E7297B0B765A}.Debug|Any CPU.ActiveCfg = Debug|Any CPU
		{5E82AA47-8656-4820-8F99-E7297B0B765A}.Debug|Any CPU.Build.0 = Debug|Any CPU
		{5E82AA47-8656-4820-8F99-E7297B0B765A}.Release|Any CPU.ActiveCfg = Release|Any CPU
		{5E82AA47-8656-4820-8F99-E7297B0B765A}.Release|Any CPU.Build.0 = Release|Any CPU
	EndGlobalSection
	GlobalSection(SolutionProperties) = preSolution
		HideSolutionNode = FALSE
	EndGlobalSection
	GlobalSection(ExtensibilityGlobals) = postSolution
		SolutionGuid = {37CA677B-BE9C-4E6B-9930-15D3C60CFFB0}
	EndGlobalSection
EndGlobal
